
Microsoft Visual Studio Solution File, Format Version 12.00
# Visual Studio Version 17
VisualStudioVersion = 17.14.36212.18
MinimumVisualStudioVersion = 10.0.40219.1
Project("{FAE04EC0-301F-11D3-BF4B-00C04F79EFBC}") = "Layer.Business", "Layer.Business\Layer.Business.csproj", "{8B302E02-8328-42AB-BA98-9DA25099D0CB}"
EndProject
Project("{FAE04EC0-301F-11D3-BF4B-00C04F79EFBC}") = "Layer.Data", "..\Layer.Data\Layer.Data.csproj", "{87F635D3-6FAC-42B0-84D2-6E29A48D7164}"
EndProject
Project("{FAE04EC0-301F-11D3-BF4B-00C04F79EFBC}") = "Layer.Entities", "..\Layer.Entities\Layer.Entities.csproj", "{043AF4D1-6C5B-4235-B61F-A987237F3F60}"
EndProject
Project("{FAE04EC0-301F-11D3-BF4B-00C04F79EFBC}") = "Layer.Security", "..\Layer.Security\Layer.Security.csproj", "{52826029-9282-4FE2-BF75-7CD2806E9893}"
EndProject
Project("{FAE04EC0-301F-11D3-BF4B-00C04F79EFBC}") = "Layer.Enum", "..\Layer.Enum\Layer.Enum.csproj", "{4F2F466F-DB8E-472F-ABBF-2EAA197C1309}"
EndProject
Project("{FAE04EC0-301F-11D3-BF4B-00C04F79EFBC}") = "UI.Customer", "..\..\UI\UI.Customer\UI.Customer.csproj", "{4C0C838C-5153-4413-AB48-3C2606532DA8}"
EndProject
Project("{FAE04EC0-301F-11D3-BF4B-00C04F79EFBC}") = "UI.Admin", "..\..\UI\UI.Admin\UI.Admin.csproj", "{0FEE812C-E224-40AA-97AC-7C0A0A652035}"
EndProject
Project("{2150E333-8FDC-42A3-9474-1A3956D46DE8}") = "Layers", "Layers", "{02EA681E-C7D8-13C7-8484-4AC65E1B71E8}"
EndProject
Project("{2150E333-8FDC-42A3-9474-1A3956D46DE8}") = "UI", "UI", "{3492A54E-6CAF-40D4-BA45-47DCAEE6E0A7}"
EndProject
Project("{2150E333-8FDC-42A3-9474-1A3956D46DE8}") = "Apis", "Apis", "{E6A40456-E07A-449D-885C-C6AE401EF653}"
EndProject
Project("{FAE04EC0-301F-11D3-BF4B-00C04F79EFBC}") = "Api.Admin", "..\..\Apis\Api.Admin\Api.Admin.csproj", "{E6D2A4E3-8858-4306-B11C-7D8954571B1D}"
EndProject
Project("{FAE04EC0-301F-11D3-BF4B-00C04F79EFBC}") = "Api.Customer", "..\..\Apis\Api.Customer\Api.Customer.csproj", "{4F42E830-29D7-4049-8664-7B6A0C6E0145}"
EndProject
Global
	GlobalSection(SolutionConfigurationPlatforms) = preSolution
		Debug|Any CPU = Debug|Any CPU
		Release|Any CPU = Release|Any CPU
	EndGlobalSection
	GlobalSection(ProjectConfigurationPlatforms) = postSolution
		{8B302E02-8328-42AB-BA98-9DA25099D0CB}.Debug|Any CPU.ActiveCfg = Debug|Any CPU
		{8B302E02-8328-42AB-BA98-9DA25099D0CB}.Debug|Any CPU.Build.0 = Debug|Any CPU
		{8B302E02-8328-42AB-BA98-9DA25099D0CB}.Release|Any CPU.ActiveCfg = Release|Any CPU
		{8B302E02-8328-42AB-BA98-9DA25099D0CB}.Release|Any CPU.Build.0 = Release|Any CPU
		{87F635D3-6FAC-42B0-84D2-6E29A48D7164}.Debug|Any CPU.ActiveCfg = Debug|Any CPU
		{87F635D3-6FAC-42B0-84D2-6E29A48D7164}.Debug|Any CPU.Build.0 = Debug|Any CPU
		{87F635D3-6FAC-42B0-84D2-6E29A48D7164}.Release|Any CPU.ActiveCfg = Release|Any CPU
		{87F635D3-6FAC-42B0-84D2-6E29A48D7164}.Release|Any CPU.Build.0 = Release|Any CPU
		{043AF4D1-6C5B-4235-B61F-A987237F3F60}.Debug|Any CPU.ActiveCfg = Debug|Any CPU
		{043AF4D1-6C5B-4235-B61F-A987237F3F60}.Debug|Any CPU.Build.0 = Debug|Any CPU
		{043AF4D1-6C5B-4235-B61F-A987237F3F60}.Release|Any CPU.ActiveCfg = Release|Any CPU
		{043AF4D1-6C5B-4235-B61F-A987237F3F60}.Release|Any CPU.Build.0 = Release|Any CPU
		{52826029-9282-4FE2-BF75-7CD2806E9893}.Debug|Any CPU.ActiveCfg = Debug|Any CPU
		{52826029-9282-4FE2-BF75-7CD2806E9893}.Debug|Any CPU.Build.0 = Debug|Any CPU
		{52826029-9282-4FE2-BF75-7CD2806E9893}.Release|Any CPU.ActiveCfg = Release|Any CPU
		{52826029-9282-4FE2-BF75-7CD2806E9893}.Release|Any CPU.Build.0 = Release|Any CPU
		{4F2F466F-DB8E-472F-ABBF-2EAA197C1309}.Debug|Any CPU.ActiveCfg = Debug|Any CPU
		{4F2F466F-DB8E-472F-ABBF-2EAA197C1309}.Debug|Any CPU.Build.0 = Debug|Any CPU
		{4F2F466F-DB8E-472F-ABBF-2EAA197C1309}.Release|Any CPU.ActiveCfg = Release|Any CPU
		{4F2F466F-DB8E-472F-ABBF-2EAA197C1309}.Release|Any CPU.Build.0 = Release|Any CPU
		{4C0C838C-5153-4413-AB48-3C2606532DA8}.Debug|Any CPU.ActiveCfg = Debug|Any CPU
		{4C0C838C-5153-4413-AB48-3C2606532DA8}.Debug|Any CPU.Build.0 = Debug|Any CPU
		{4C0C838C-5153-4413-AB48-3C2606532DA8}.Release|Any CPU.ActiveCfg = Release|Any CPU
		{4C0C838C-5153-4413-AB48-3C2606532DA8}.Release|Any CPU.Build.0 = Release|Any CPU
		{0FEE812C-E224-40AA-97AC-7C0A0A652035}.Debug|Any CPU.ActiveCfg = Debug|Any CPU
		{0FEE812C-E224-40AA-97AC-7C0A0A652035}.Debug|Any CPU.Build.0 = Debug|Any CPU
		{0FEE812C-E224-40AA-97AC-7C0A0A652035}.Release|Any CPU.ActiveCfg = Release|Any CPU
		{0FEE812C-E224-40AA-97AC-7C0A0A652035}.Release|Any CPU.Build.0 = Release|Any CPU
		{E6D2A4E3-8858-4306-B11C-7D8954571B1D}.Debug|Any CPU.ActiveCfg = Debug|Any CPU
		{E6D2A4E3-8858-4306-B11C-7D8954571B1D}.Debug|Any CPU.Build.0 = Debug|Any CPU
		{E6D2A4E3-8858-4306-B11C-7D8954571B1D}.Release|Any CPU.ActiveCfg = Release|Any CPU
		{E6D2A4E3-8858-4306-B11C-7D8954571B1D}.Release|Any CPU.Build.0 = Release|Any CPU
		{4F42E830-29D7-4049-8664-7B6A0C6E0145}.Debug|Any CPU.ActiveCfg = Debug|Any CPU
		{4F42E830-29D7-4049-8664-7B6A0C6E0145}.Debug|Any CPU.Build.0 = Debug|Any CPU
		{4F42E830-29D7-4049-8664-7B6A0C6E0145}.Release|Any CPU.ActiveCfg = Release|Any CPU
		{4F42E830-29D7-4049-8664-7B6A0C6E0145}.Release|Any CPU.Build.0 = Release|Any CPU
	EndGlobalSection
	GlobalSection(SolutionProperties) = preSolution
		HideSolutionNode = FALSE
	EndGlobalSection
	GlobalSection(NestedProjects) = preSolution
		{8B302E02-8328-42AB-BA98-9DA25099D0CB} = {02EA681E-C7D8-13C7-8484-4AC65E1B71E8}
		{87F635D3-6FAC-42B0-84D2-6E29A48D7164} = {02EA681E-C7D8-13C7-8484-4AC65E1B71E8}
		{043AF4D1-6C5B-4235-B61F-A987237F3F60} = {02EA681E-C7D8-13C7-8484-4AC65E1B71E8}
		{52826029-9282-4FE2-BF75-7CD2806E9893} = {02EA681E-C7D8-13C7-8484-4AC65E1B71E8}
		{4F2F466F-DB8E-472F-ABBF-2EAA197C1309} = {02EA681E-C7D8-13C7-8484-4AC65E1B71E8}
		{4C0C838C-5153-4413-AB48-3C2606532DA8} = {3492A54E-6CAF-40D4-BA45-47DCAEE6E0A7}
		{0FEE812C-E224-40AA-97AC-7C0A0A652035} = {3492A54E-6CAF-40D4-BA45-47DCAEE6E0A7}
		{E6D2A4E3-8858-4306-B11C-7D8954571B1D} = {E6A40456-E07A-449D-885C-C6AE401EF653}
		{4F42E830-29D7-4049-8664-7B6A0C6E0145} = {E6A40456-E07A-449D-885C-C6AE401EF653}
	EndGlobalSection
	GlobalSection(ExtensibilityGlobals) = postSolution
		SolutionGuid = {B9B1D561-1FB5-411D-BE2A-91287DDECBC9}
	EndGlobalSection
EndGlobal
