
Microsoft Visual Studio Solution File, Format Version 12.00
# Visual Studio Version 17
VisualStudioVersion = 17.14.36310.24
MinimumVisualStudioVersion = 10.0.40219.1
Project("{FAE04EC0-301F-11D3-BF4B-00C04F79EFBC}") = "Layer.Data", "Layer\Layer.Data\Layer.Data.csproj", "{87F635D3-6FAC-42B0-84D2-6E29A48D7164}"
EndProject
Project("{FAE04EC0-301F-11D3-BF4B-00C04F79EFBC}") = "Api.Admin", "Apis\Api.Admin\Api.Admin.csproj", "{47E78E6B-EA60-CF9D-96ED-191CF5F1142A}"
EndProject
Project("{FAE04EC0-301F-11D3-BF4B-00C04F79EFBC}") = "Api.Customer", "Apis\Api.Customer\Api.Customer.csproj", "{29CAD4FD-CD86-06F7-13C3-6E805C1AD5C6}"
EndProject
Project("{FAE04EC0-301F-11D3-BF4B-00C04F79EFBC}") = "UI.Admin", "UI\UI.Admin\UI.Admin.csproj", "{9BABCF73-662E-AA78-5222-86428D28F9DB}"
EndProject
Project("{FAE04EC0-301F-11D3-BF4B-00C04F79EFBC}") = "UI.Customer", "UI\UI.Customer\UI.Customer.csproj", "{47D90009-EBEA-3E58-9051-D32CCFA84070}"
EndProject
Project("{FAE04EC0-301F-11D3-BF4B-00C04F79EFBC}") = "Layer.Entities", "Layer\Layer.Entities\Layer.Entities.csproj", "{E06E5580-F0F4-37FC-5B3F-D86E33619B14}"
EndProject
Project("{FAE04EC0-301F-11D3-BF4B-00C04F79EFBC}") = "Layer.Enum", "Layer\Layer.Enum\Layer.Enum.csproj", "{6F43ABA7-ADBE-F0C2-DA23-51F624CE0A30}"
EndProject
Project("{FAE04EC0-301F-11D3-BF4B-00C04F79EFBC}") = "Layer.Security", "Layer\Layer.Security\Layer.Security.csproj", "{D69F36CF-D954-6207-83D7-864BC271FF26}"
EndProject
Project("{FAE04EC0-301F-11D3-BF4B-00C04F79EFBC}") = "Layer.Busines", "Layer.Busines\Layer.Busines.csproj", "{211FAA18-D815-41CA-A9A4-091568EA4DD3}"
EndProject
Global
	GlobalSection(SolutionConfigurationPlatforms) = preSolution
		Debug|Any CPU = Debug|Any CPU
		Release|Any CPU = Release|Any CPU
	EndGlobalSection
	GlobalSection(ProjectConfigurationPlatforms) = postSolution
		{87F635D3-6FAC-42B0-84D2-6E29A48D7164}.Debug|Any CPU.ActiveCfg = Debug|Any CPU
		{87F635D3-6FAC-42B0-84D2-6E29A48D7164}.Debug|Any CPU.Build.0 = Debug|Any CPU
		{87F635D3-6FAC-42B0-84D2-6E29A48D7164}.Release|Any CPU.ActiveCfg = Release|Any CPU
		{87F635D3-6FAC-42B0-84D2-6E29A48D7164}.Release|Any CPU.Build.0 = Release|Any CPU
		{47E78E6B-EA60-CF9D-96ED-191CF5F1142A}.Debug|Any CPU.ActiveCfg = Debug|Any CPU
		{47E78E6B-EA60-CF9D-96ED-191CF5F1142A}.Debug|Any CPU.Build.0 = Debug|Any CPU
		{47E78E6B-EA60-CF9D-96ED-191CF5F1142A}.Release|Any CPU.ActiveCfg = Release|Any CPU
		{47E78E6B-EA60-CF9D-96ED-191CF5F1142A}.Release|Any CPU.Build.0 = Release|Any CPU
		{29CAD4FD-CD86-06F7-13C3-6E805C1AD5C6}.Debug|Any CPU.ActiveCfg = Debug|Any CPU
		{29CAD4FD-CD86-06F7-13C3-6E805C1AD5C6}.Debug|Any CPU.Build.0 = Debug|Any CPU
		{29CAD4FD-CD86-06F7-13C3-6E805C1AD5C6}.Release|Any CPU.ActiveCfg = Release|Any CPU
		{29CAD4FD-CD86-06F7-13C3-6E805C1AD5C6}.Release|Any CPU.Build.0 = Release|Any CPU
		{9BABCF73-662E-AA78-5222-86428D28F9DB}.Debug|Any CPU.ActiveCfg = Debug|Any CPU
		{9BABCF73-662E-AA78-5222-86428D28F9DB}.Debug|Any CPU.Build.0 = Debug|Any CPU
		{9BABCF73-662E-AA78-5222-86428D28F9DB}.Release|Any CPU.ActiveCfg = Release|Any CPU
		{9BABCF73-662E-AA78-5222-86428D28F9DB}.Release|Any CPU.Build.0 = Release|Any CPU
		{47D90009-EBEA-3E58-9051-D32CCFA84070}.Debug|Any CPU.ActiveCfg = Debug|Any CPU
		{47D90009-EBEA-3E58-9051-D32CCFA84070}.Debug|Any CPU.Build.0 = Debug|Any CPU
		{47D90009-EBEA-3E58-9051-D32CCFA84070}.Release|Any CPU.ActiveCfg = Release|Any CPU
		{47D90009-EBEA-3E58-9051-D32CCFA84070}.Release|Any CPU.Build.0 = Release|Any CPU
		{E06E5580-F0F4-37FC-5B3F-D86E33619B14}.Debug|Any CPU.ActiveCfg = Debug|Any CPU
		{E06E5580-F0F4-37FC-5B3F-D86E33619B14}.Debug|Any CPU.Build.0 = Debug|Any CPU
		{E06E5580-F0F4-37FC-5B3F-D86E33619B14}.Release|Any CPU.ActiveCfg = Release|Any CPU
		{E06E5580-F0F4-37FC-5B3F-D86E33619B14}.Release|Any CPU.Build.0 = Release|Any CPU
		{6F43ABA7-ADBE-F0C2-DA23-51F624CE0A30}.Debug|Any CPU.ActiveCfg = Debug|Any CPU
		{6F43ABA7-ADBE-F0C2-DA23-51F624CE0A30}.Debug|Any CPU.Build.0 = Debug|Any CPU
		{6F43ABA7-ADBE-F0C2-DA23-51F624CE0A30}.Release|Any CPU.ActiveCfg = Release|Any CPU
		{6F43ABA7-ADBE-F0C2-DA23-51F624CE0A30}.Release|Any CPU.Build.0 = Release|Any CPU
		{D69F36CF-D954-6207-83D7-864BC271FF26}.Debug|Any CPU.ActiveCfg = Debug|Any CPU
		{D69F36CF-D954-6207-83D7-864BC271FF26}.Debug|Any CPU.Build.0 = Debug|Any CPU
		{D69F36CF-D954-6207-83D7-864BC271FF26}.Release|Any CPU.ActiveCfg = Release|Any CPU
		{D69F36CF-D954-6207-83D7-864BC271FF26}.Release|Any CPU.Build.0 = Release|Any CPU
		{211FAA18-D815-41CA-A9A4-091568EA4DD3}.Debug|Any CPU.ActiveCfg = Debug|Any CPU
		{211FAA18-D815-41CA-A9A4-091568EA4DD3}.Debug|Any CPU.Build.0 = Debug|Any CPU
		{211FAA18-D815-41CA-A9A4-091568EA4DD3}.Release|Any CPU.ActiveCfg = Release|Any CPU
		{211FAA18-D815-41CA-A9A4-091568EA4DD3}.Release|Any CPU.Build.0 = Release|Any CPU
	EndGlobalSection
	GlobalSection(SolutionProperties) = preSolution
		HideSolutionNode = FALSE
	EndGlobalSection
	GlobalSection(ExtensibilityGlobals) = postSolution
		SolutionGuid = {E23F93F9-16D6-4459-B9A4-48EBFEC33B8F}
	EndGlobalSection
EndGlobal
